// !$*UTF8*$!
{
	archiveVersion = 1;
	classes = {
	};
	objectVersion = 54;
	objects = {

/* Begin PBXBuildFile section */
		054936F595292CC99D7269DF /* VoiceTranscriptView.swift in Sources */ = {isa = PBXBuildFile; fileRef = 18B71A535B4F01773E6A977B /* VoiceTranscriptView.swift */; };
		1565E8F2FA1A2C589996A24D /* UploadQueue.swift in Sources */ = {isa = PBXBuildFile; fileRef = E743F4F6AAC4C400188ACEAB /* UploadQueue.swift */; };
		1792814C7EB8142083034FFC /* TransportTests.swift in Sources */ = {isa = PBXBuildFile; fileRef = 3A46E36969B6686A59C20181 /* TransportTests.swift */; };
		29FB92B935B064326E030CFB /* CaptureWindow.swift in Sources */ = {isa = PBXBuildFile; fileRef = 020BBDF9B7F9A6E90859D0E2 /* CaptureWindow.swift */; };
		2F4CE16761EAD95DA832CC41 /* RoomSessionModel.swift in Sources */ = {isa = PBXBuildFile; fileRef = 35235E54BEB20EC3D650040C /* RoomSessionModel.swift */; };
		437699743260A169F0374C58 /* FramePacket.swift in Sources */ = {isa = PBXBuildFile; fileRef = 80A57E1EF17145DB4B413531 /* FramePacket.swift */; };
		47B2FD61098A96CB31FA1D81 /* SyncSheet.swift in Sources */ = {isa = PBXBuildFile; fileRef = 6A5D818A67A5C7020A15A014 /* SyncSheet.swift */; };
		55D374846D2BB59E6612C98D /* CaptureController.swift in Sources */ = {isa = PBXBuildFile; fileRef = FB3E71CA3B5A8EB00C141514 /* CaptureController.swift */; };
		5614C9196A6979CF3EB7788D /* VoiceEvents.swift in Sources */ = {isa = PBXBuildFile; fileRef = 0DB1A35441BD893CDABE2A5C /* VoiceEvents.swift */; };
		588CC8885973033F23C7D53A /* PixelBuffers.swift in Sources */ = {isa = PBXBuildFile; fileRef = C88A22517007073988C49602 /* PixelBuffers.swift */; };
		69C25CF195D7F8F53D7F0A9A /* ScanModel.swift in Sources */ = {isa = PBXBuildFile; fileRef = 4A49EA40973C1DA1F760D1E6 /* ScanModel.swift */; };
		6A05460ECD7E7A56A4EE5AB4 /* RobotFace.swift in Sources */ = {isa = PBXBuildFile; fileRef = 0D9C1897460BB84A1424EFFE /* RobotFace.swift */; };
		73B93F00F973E89771F334D1 /* RoomLink.swift in Sources */ = {isa = PBXBuildFile; fileRef = CD7EB7BB11D378314CC7DA33 /* RoomLink.swift */; };
		744A35EE3FC5E3A712E99A43 /* FrameStream.swift in Sources */ = {isa = PBXBuildFile; fileRef = CB68E55C56DD2F1ED84F5D2C /* FrameStream.swift */; };
		8E9ACC22ADEB4C3549F36A09 /* RoomLinkTests.swift in Sources */ = {isa = PBXBuildFile; fileRef = 777B111EC0599DA5BC7CEA1A /* RoomLinkTests.swift */; };
		99201365142F281D00D681EF /* CaptureBufferTests.swift in Sources */ = {isa = PBXBuildFile; fileRef = E71ACFCB32B0358C185B0D88 /* CaptureBufferTests.swift */; };
		9E6A548071E6FA4933D2D999 /* RoomFlowTests.swift in Sources */ = {isa = PBXBuildFile; fileRef = A6FBF161AD662835D743E453 /* RoomFlowTests.swift */; };
		AD9D6BA0BAB97208A9D87790 /* ContentView.swift in Sources */ = {isa = PBXBuildFile; fileRef = 06B2C467AFC5D7B12B71E16A /* ContentView.swift */; };
		B81072F95B7416B005BDE03E /* VoiceModelTests.swift in Sources */ = {isa = PBXBuildFile; fileRef = 1FBEF5E80C97A99C9DDC4BEC /* VoiceModelTests.swift */; };
		B8A7DE0A28CFC09C1807D5D8 /* VoiceLiveTests.swift in Sources */ = {isa = PBXBuildFile; fileRef = 2408C4C3E3AD9A074389E9B4 /* VoiceLiveTests.swift */; };
		C3A4385BD476CCD316DBF184 /* VoiceModel.swift in Sources */ = {isa = PBXBuildFile; fileRef = 6001A02A8F4CF7DCD4AE8650 /* VoiceModel.swift */; };
		C60A65757DA7620E81608FEE /* RoomsModel.swift in Sources */ = {isa = PBXBuildFile; fileRef = 0B6F159FDEB7119D871A715B /* RoomsModel.swift */; };
		C7BCAFCD21BC1373145666B2 /* VoiceAPI.swift in Sources */ = {isa = PBXBuildFile; fileRef = FE68C5CA6FA89688BBF1D316 /* VoiceAPI.swift */; };
		C851B3EE94E1B2B855A93F74 /* VoiceSheet.swift in Sources */ = {isa = PBXBuildFile; fileRef = ACB702EC78CC57385C4D84E2 /* VoiceSheet.swift */; };
		D15F2A3105D99F5EDDA0DEA8 /* RoomAPI.swift in Sources */ = {isa = PBXBuildFile; fileRef = 7E21FD7A85332B934F46E8DB /* RoomAPI.swift */; };
		D73B8705C58C512CA31EA0CE /* RoomQRScanner.swift in Sources */ = {isa = PBXBuildFile; fileRef = 3941BA043EB32097CBA59BE4 /* RoomQRScanner.swift */; };
		DDA331CAD7055D1260332844 /* RoomSessionView.swift in Sources */ = {isa = PBXBuildFile; fileRef = 3F6459AA12B44B8D02E19C32 /* RoomSessionView.swift */; };
		E3C0CE56FB3CB5910D2576A6 /* BackendIntegrationTests.swift in Sources */ = {isa = PBXBuildFile; fileRef = 634773CF4FE695AE0AE64DE7 /* BackendIntegrationTests.swift */; };
		E5D2AA4D379F8213BB94765F /* WebRTC in Frameworks */ = {isa = PBXBuildFile; productRef = C26F7A0AE85F12333B3D5428 /* WebRTC */; };
		EB2CD4ED858113EEEC8D23B8 /* VoicePeer.swift in Sources */ = {isa = PBXBuildFile; fileRef = 83E4882BB9EC46F47268AD52 /* VoicePeer.swift */; };
		F59EE11256A463B49AB22026 /* HTNApp.swift in Sources */ = {isa = PBXBuildFile; fileRef = 270EF0760CAC94289EDAAFC5 /* HTNApp.swift */; };
		FD4C501D7B83530268D2814E /* RoomEntrySheet.swift in Sources */ = {isa = PBXBuildFile; fileRef = 6C9D8B7D508E2AF0CD782B27 /* RoomEntrySheet.swift */; };
/* End PBXBuildFile section */

/* Begin PBXContainerItemProxy section */
		6D7F3E72462CD74724724930 /* PBXContainerItemProxy */ = {
			isa = PBXContainerItemProxy;
			containerPortal = 51467CC6B617B5F6AF54F139 /* Project object */;
			proxyType = 1;
			remoteGlobalIDString = DC3A7EFCC39CC430D8E99FB4;
			remoteInfo = HTNApp;
		};
		9FB8DBD065B7592EED216379 /* PBXContainerItemProxy */ = {
			isa = PBXContainerItemProxy;
			containerPortal = 51467CC6B617B5F6AF54F139 /* Project object */;
			proxyType = 1;
			remoteGlobalIDString = DC3A7EFCC39CC430D8E99FB4;
			remoteInfo = HTNApp;
		};
/* End PBXContainerItemProxy section */

/* Begin PBXFileReference section */
		020BBDF9B7F9A6E90859D0E2 /* CaptureWindow.swift */ = {isa = PBXFileReference; lastKnownFileType = sourcecode.swift; path = CaptureWindow.swift; sourceTree = "<group>"; };
		06B2C467AFC5D7B12B71E16A /* ContentView.swift */ = {isa = PBXFileReference; lastKnownFileType = sourcecode.swift; path = ContentView.swift; sourceTree = "<group>"; };
		0B6F159FDEB7119D871A715B /* RoomsModel.swift */ = {isa = PBXFileReference; lastKnownFileType = sourcecode.swift; path = RoomsModel.swift; sourceTree = "<group>"; };
		0D9C1897460BB84A1424EFFE /* RobotFace.swift */ = {isa = PBXFileReference; lastKnownFileType = sourcecode.swift; path = RobotFace.swift; sourceTree = "<group>"; };
		0DB1A35441BD893CDABE2A5C /* VoiceEvents.swift */ = {isa = PBXFileReference; lastKnownFileType = sourcecode.swift; path = VoiceEvents.swift; sourceTree = "<group>"; };
		18B71A535B4F01773E6A977B /* VoiceTranscriptView.swift */ = {isa = PBXFileReference; lastKnownFileType = sourcecode.swift; path = VoiceTranscriptView.swift; sourceTree = "<group>"; };
		1D244F52D537A57798F00EE1 /* HTNAppTests.xctest */ = {isa = PBXFileReference; includeInIndex = 0; lastKnownFileType = wrapper.cfbundle; path = HTNAppTests.xctest; sourceTree = BUILT_PRODUCTS_DIR; };
		1FBEF5E80C97A99C9DDC4BEC /* VoiceModelTests.swift */ = {isa = PBXFileReference; lastKnownFileType = sourcecode.swift; path = VoiceModelTests.swift; sourceTree = "<group>"; };
		2408C4C3E3AD9A074389E9B4 /* VoiceLiveTests.swift */ = {isa = PBXFileReference; lastKnownFileType = sourcecode.swift; path = VoiceLiveTests.swift; sourceTree = "<group>"; };
		270EF0760CAC94289EDAAFC5 /* HTNApp.swift */ = {isa = PBXFileReference; lastKnownFileType = sourcecode.swift; path = HTNApp.swift; sourceTree = "<group>"; };
		2F652CBD9424040BA14B4CD9 /* HTNAppUITests.xctest */ = {isa = PBXFileReference; includeInIndex = 0; lastKnownFileType = wrapper.cfbundle; path = HTNAppUITests.xctest; sourceTree = BUILT_PRODUCTS_DIR; };
		35235E54BEB20EC3D650040C /* RoomSessionModel.swift */ = {isa = PBXFileReference; lastKnownFileType = sourcecode.swift; path = RoomSessionModel.swift; sourceTree = "<group>"; };
		3941BA043EB32097CBA59BE4 /* RoomQRScanner.swift */ = {isa = PBXFileReference; lastKnownFileType = sourcecode.swift; path = RoomQRScanner.swift; sourceTree = "<group>"; };
		3A46E36969B6686A59C20181 /* TransportTests.swift */ = {isa = PBXFileReference; lastKnownFileType = sourcecode.swift; path = TransportTests.swift; sourceTree = "<group>"; };
		3F6459AA12B44B8D02E19C32 /* RoomSessionView.swift */ = {isa = PBXFileReference; lastKnownFileType = sourcecode.swift; path = RoomSessionView.swift; sourceTree = "<group>"; };
		4A49EA40973C1DA1F760D1E6 /* ScanModel.swift */ = {isa = PBXFileReference; lastKnownFileType = sourcecode.swift; path = ScanModel.swift; sourceTree = "<group>"; };
		6001A02A8F4CF7DCD4AE8650 /* VoiceModel.swift */ = {isa = PBXFileReference; lastKnownFileType = sourcecode.swift; path = VoiceModel.swift; sourceTree = "<group>"; };
		606790FD5359A8C541B42B2D /* HTNApp.app */ = {isa = PBXFileReference; includeInIndex = 0; lastKnownFileType = wrapper.application; path = HTNApp.app; sourceTree = BUILT_PRODUCTS_DIR; };
		634773CF4FE695AE0AE64DE7 /* BackendIntegrationTests.swift */ = {isa = PBXFileReference; lastKnownFileType = sourcecode.swift; path = BackendIntegrationTests.swift; sourceTree = "<group>"; };
		6A5D818A67A5C7020A15A014 /* SyncSheet.swift */ = {isa = PBXFileReference; lastKnownFileType = sourcecode.swift; path = SyncSheet.swift; sourceTree = "<group>"; };
		6C9D8B7D508E2AF0CD782B27 /* RoomEntrySheet.swift */ = {isa = PBXFileReference; lastKnownFileType = sourcecode.swift; path = RoomEntrySheet.swift; sourceTree = "<group>"; };
		777B111EC0599DA5BC7CEA1A /* RoomLinkTests.swift */ = {isa = PBXFileReference; lastKnownFileType = sourcecode.swift; path = RoomLinkTests.swift; sourceTree = "<group>"; };
		7E21FD7A85332B934F46E8DB /* RoomAPI.swift */ = {isa = PBXFileReference; lastKnownFileType = sourcecode.swift; path = RoomAPI.swift; sourceTree = "<group>"; };
		80A57E1EF17145DB4B413531 /* FramePacket.swift */ = {isa = PBXFileReference; lastKnownFileType = sourcecode.swift; path = FramePacket.swift; sourceTree = "<group>"; };
		83E4882BB9EC46F47268AD52 /* VoicePeer.swift */ = {isa = PBXFileReference; lastKnownFileType = sourcecode.swift; path = VoicePeer.swift; sourceTree = "<group>"; };
		A6FBF161AD662835D743E453 /* RoomFlowTests.swift */ = {isa = PBXFileReference; lastKnownFileType = sourcecode.swift; path = RoomFlowTests.swift; sourceTree = "<group>"; };
		ACB702EC78CC57385C4D84E2 /* VoiceSheet.swift */ = {isa = PBXFileReference; lastKnownFileType = sourcecode.swift; path = VoiceSheet.swift; sourceTree = "<group>"; };
		C88A22517007073988C49602 /* PixelBuffers.swift */ = {isa = PBXFileReference; lastKnownFileType = sourcecode.swift; path = PixelBuffers.swift; sourceTree = "<group>"; };
		CB68E55C56DD2F1ED84F5D2C /* FrameStream.swift */ = {isa = PBXFileReference; lastKnownFileType = sourcecode.swift; path = FrameStream.swift; sourceTree = "<group>"; };
		CD7EB7BB11D378314CC7DA33 /* RoomLink.swift */ = {isa = PBXFileReference; lastKnownFileType = sourcecode.swift; path = RoomLink.swift; sourceTree = "<group>"; };
		E71ACFCB32B0358C185B0D88 /* CaptureBufferTests.swift */ = {isa = PBXFileReference; lastKnownFileType = sourcecode.swift; path = CaptureBufferTests.swift; sourceTree = "<group>"; };
		E743F4F6AAC4C400188ACEAB /* UploadQueue.swift */ = {isa = PBXFileReference; lastKnownFileType = sourcecode.swift; path = UploadQueue.swift; sourceTree = "<group>"; };
		EAEB05C54804D23B43C70FD4 /* Signing.xcconfig */ = {isa = PBXFileReference; lastKnownFileType = text.xcconfig; path = Signing.xcconfig; sourceTree = "<group>"; };
		FB3E71CA3B5A8EB00C141514 /* CaptureController.swift */ = {isa = PBXFileReference; lastKnownFileType = sourcecode.swift; path = CaptureController.swift; sourceTree = "<group>"; };
		FE68C5CA6FA89688BBF1D316 /* VoiceAPI.swift */ = {isa = PBXFileReference; lastKnownFileType = sourcecode.swift; path = VoiceAPI.swift; sourceTree = "<group>"; };
/* End PBXFileReference section */

/* Begin PBXFrameworksBuildPhase section */
		ECCE13216100415252042155 /* Frameworks */ = {
			isa = PBXFrameworksBuildPhase;
			buildActionMask = 2147483647;
			files = (
				E5D2AA4D379F8213BB94765F /* WebRTC in Frameworks */,
			);
			runOnlyForDeploymentPostprocessing = 0;
		};
/* End PBXFrameworksBuildPhase section */

/* Begin PBXGroup section */
		00B811D873B7C1F057C54AE4 = {
			isa = PBXGroup;
			children = (
				53FE87E85C8F1E99E101EB59 /* Config */,
				05519B5C3A36DAC469765ADC /* Sources */,
				0B6B17B5030BCF679553FD06 /* Tests */,
				7CB17E9F161B19F72BF10868 /* UITests */,
				70202A9E89AC521F0985194F /* Products */,
			);
			sourceTree = "<group>";
		};
		05519B5C3A36DAC469765ADC /* Sources */ = {
			isa = PBXGroup;
			children = (
				06B2C467AFC5D7B12B71E16A /* ContentView.swift */,
				270EF0760CAC94289EDAAFC5 /* HTNApp.swift */,
				53A884D121917880CF493003 /* Capture */,
				4AF40E6009EE1A3CE1598BB4 /* Model */,
				28B2AC3769D31820D32714CC /* Networking */,
				68F9E63B31C60B4FD3018793 /* Views */,
				553602A5B628C86F2F15BFAE /* Voice */,
				26B57E69B530AA5B4AC26B02 /* Wire */,
			);
			path = Sources;
			sourceTree = "<group>";
		};
		0B6B17B5030BCF679553FD06 /* Tests */ = {
			isa = PBXGroup;
			children = (
				634773CF4FE695AE0AE64DE7 /* BackendIntegrationTests.swift */,
				E71ACFCB32B0358C185B0D88 /* CaptureBufferTests.swift */,
				777B111EC0599DA5BC7CEA1A /* RoomLinkTests.swift */,
				3A46E36969B6686A59C20181 /* TransportTests.swift */,
				CFB47F950659F1444C03FAFB /* Voice */,
			);
			path = Tests;
			sourceTree = "<group>";
		};
		26B57E69B530AA5B4AC26B02 /* Wire */ = {
			isa = PBXGroup;
			children = (
				80A57E1EF17145DB4B413531 /* FramePacket.swift */,
			);
			path = Wire;
			sourceTree = "<group>";
		};
		28B2AC3769D31820D32714CC /* Networking */ = {
			isa = PBXGroup;
			children = (
				CB68E55C56DD2F1ED84F5D2C /* FrameStream.swift */,
				7E21FD7A85332B934F46E8DB /* RoomAPI.swift */,
				CD7EB7BB11D378314CC7DA33 /* RoomLink.swift */,
			);
			path = Networking;
			sourceTree = "<group>";
		};
		4AF40E6009EE1A3CE1598BB4 /* Model */ = {
			isa = PBXGroup;
			children = (
				35235E54BEB20EC3D650040C /* RoomSessionModel.swift */,
				0B6F159FDEB7119D871A715B /* RoomsModel.swift */,
				4A49EA40973C1DA1F760D1E6 /* ScanModel.swift */,
				E743F4F6AAC4C400188ACEAB /* UploadQueue.swift */,
			);
			path = Model;
			sourceTree = "<group>";
		};
		53A884D121917880CF493003 /* Capture */ = {
			isa = PBXGroup;
			children = (
				FB3E71CA3B5A8EB00C141514 /* CaptureController.swift */,
				020BBDF9B7F9A6E90859D0E2 /* CaptureWindow.swift */,
				C88A22517007073988C49602 /* PixelBuffers.swift */,
			);
			path = Capture;
			sourceTree = "<group>";
		};
		53FE87E85C8F1E99E101EB59 /* Config */ = {
			isa = PBXGroup;
			children = (
				EAEB05C54804D23B43C70FD4 /* Signing.xcconfig */,
			);
			path = Config;
			sourceTree = "<group>";
		};
		553602A5B628C86F2F15BFAE /* Voice */ = {
			isa = PBXGroup;
			children = (
				FE68C5CA6FA89688BBF1D316 /* VoiceAPI.swift */,
				0DB1A35441BD893CDABE2A5C /* VoiceEvents.swift */,
				6001A02A8F4CF7DCD4AE8650 /* VoiceModel.swift */,
				83E4882BB9EC46F47268AD52 /* VoicePeer.swift */,
			);
			path = Voice;
			sourceTree = "<group>";
		};
		68F9E63B31C60B4FD3018793 /* Views */ = {
			isa = PBXGroup;
			children = (
				B41C3F2BBD5CC00EF1A6B920 /* Rooms */,
				E07AE404933E2808A8B92F92 /* Session */,
				EBE7A4EF7BD4365F70CC4946 /* Voice */,
			);
			path = Views;
			sourceTree = "<group>";
		};
		70202A9E89AC521F0985194F /* Products */ = {
			isa = PBXGroup;
			children = (
				606790FD5359A8C541B42B2D /* HTNApp.app */,
				1D244F52D537A57798F00EE1 /* HTNAppTests.xctest */,
				2F652CBD9424040BA14B4CD9 /* HTNAppUITests.xctest */,
			);
			name = Products;
			sourceTree = "<group>";
		};
		7CB17E9F161B19F72BF10868 /* UITests */ = {
			isa = PBXGroup;
			children = (
				A6FBF161AD662835D743E453 /* RoomFlowTests.swift */,
			);
			path = UITests;
			sourceTree = "<group>";
		};
		B41C3F2BBD5CC00EF1A6B920 /* Rooms */ = {
			isa = PBXGroup;
			children = (
				6C9D8B7D508E2AF0CD782B27 /* RoomEntrySheet.swift */,
				3941BA043EB32097CBA59BE4 /* RoomQRScanner.swift */,
			);
			path = Rooms;
			sourceTree = "<group>";
		};
		CFB47F950659F1444C03FAFB /* Voice */ = {
			isa = PBXGroup;
			children = (
				2408C4C3E3AD9A074389E9B4 /* VoiceLiveTests.swift */,
				1FBEF5E80C97A99C9DDC4BEC /* VoiceModelTests.swift */,
			);
			path = Voice;
			sourceTree = "<group>";
		};
		E07AE404933E2808A8B92F92 /* Session */ = {
			isa = PBXGroup;
			children = (
				0D9C1897460BB84A1424EFFE /* RobotFace.swift */,
				3F6459AA12B44B8D02E19C32 /* RoomSessionView.swift */,
				6A5D818A67A5C7020A15A014 /* SyncSheet.swift */,
			);
			path = Session;
			sourceTree = "<group>";
		};
		EBE7A4EF7BD4365F70CC4946 /* Voice */ = {
			isa = PBXGroup;
			children = (
				ACB702EC78CC57385C4D84E2 /* VoiceSheet.swift */,
				18B71A535B4F01773E6A977B /* VoiceTranscriptView.swift */,
			);
			path = Voice;
			sourceTree = "<group>";
		};
/* End PBXGroup section */

/* Begin PBXNativeTarget section */
		39934096A1DFD1469A1DB7BD /* HTNAppTests */ = {
			isa = PBXNativeTarget;
			buildConfigurationList = 2D63769146AAB323B298C60D /* Build configuration list for PBXNativeTarget "HTNAppTests" */;
			buildPhases = (
				53EC659174C337E96D76CC8D /* Sources */,
			);
			buildRules = (
			);
			dependencies = (
				FF46347D8E476E05CFD8CD8B /* PBXTargetDependency */,
			);
			name = HTNAppTests;
			productName = HTNAppTests;
			productReference = 1D244F52D537A57798F00EE1 /* HTNAppTests.xctest */;
			productType = "com.apple.product-type.bundle.unit-test";
		};
		ABFA2E8DF4CE0B2D62C306ED /* HTNAppUITests */ = {
			isa = PBXNativeTarget;
			buildConfigurationList = CDBE3E1E6741352741CC81CA /* Build configuration list for PBXNativeTarget "HTNAppUITests" */;
			buildPhases = (
				7BC26E1148D87D32A8C98F03 /* Sources */,
			);
			buildRules = (
			);
			dependencies = (
				89814537B13D3E133029F10F /* PBXTargetDependency */,
			);
			name = HTNAppUITests;
			productName = HTNAppUITests;
			productReference = 2F652CBD9424040BA14B4CD9 /* HTNAppUITests.xctest */;
			productType = "com.apple.product-type.bundle.ui-testing";
		};
		DC3A7EFCC39CC430D8E99FB4 /* HTNApp */ = {
			isa = PBXNativeTarget;
			buildConfigurationList = D9D1B892AB991BD2DBBEFA05 /* Build configuration list for PBXNativeTarget "HTNApp" */;
			buildPhases = (
				45B7FAB74AAFE05B66EFF798 /* Sources */,
				ECCE13216100415252042155 /* Frameworks */,
			);
			buildRules = (
			);
			dependencies = (
			);
			name = HTNApp;
			packageProductDependencies = (
				C26F7A0AE85F12333B3D5428 /* WebRTC */,
			);
			productName = HTNApp;
			productReference = 606790FD5359A8C541B42B2D /* HTNApp.app */;
			productType = "com.apple.product-type.application";
		};
/* End PBXNativeTarget section */

/* Begin PBXProject section */
		51467CC6B617B5F6AF54F139 /* Project object */ = {
			isa = PBXProject;
			attributes = {
				BuildIndependentTargetsInParallel = YES;
				LastUpgradeCheck = 1430;
				TargetAttributes = {
					39934096A1DFD1469A1DB7BD = {
						ProvisioningStyle = Automatic;
					};
					ABFA2E8DF4CE0B2D62C306ED = {
						ProvisioningStyle = Automatic;
						TestTargetID = DC3A7EFCC39CC430D8E99FB4;
					};
					DC3A7EFCC39CC430D8E99FB4 = {
						ProvisioningStyle = Automatic;
					};
				};
			};
			buildConfigurationList = 7358BD0C8ED411C6F31F0AAB /* Build configuration list for PBXProject "HTNApp" */;
			compatibilityVersion = "Xcode 14.0";
			developmentRegion = en;
			hasScannedForEncodings = 0;
			knownRegions = (
				Base,
				en,
			);
			mainGroup = 00B811D873B7C1F057C54AE4;
			packageReferences = (
				F61DDC6313B55949C00E63BD /* XCRemoteSwiftPackageReference "WebRTC" */,
			);
			projectDirPath = "";
			projectRoot = "";
			targets = (
				DC3A7EFCC39CC430D8E99FB4 /* HTNApp */,
				39934096A1DFD1469A1DB7BD /* HTNAppTests */,
				ABFA2E8DF4CE0B2D62C306ED /* HTNAppUITests */,
			);
		};
/* End PBXProject section */

/* Begin PBXSourcesBuildPhase section */
		45B7FAB74AAFE05B66EFF798 /* Sources */ = {
			isa = PBXSourcesBuildPhase;
			buildActionMask = 2147483647;
			files = (
				55D374846D2BB59E6612C98D /* CaptureController.swift in Sources */,
				29FB92B935B064326E030CFB /* CaptureWindow.swift in Sources */,
				AD9D6BA0BAB97208A9D87790 /* ContentView.swift in Sources */,
				437699743260A169F0374C58 /* FramePacket.swift in Sources */,
				744A35EE3FC5E3A712E99A43 /* FrameStream.swift in Sources */,
				F59EE11256A463B49AB22026 /* HTNApp.swift in Sources */,
				588CC8885973033F23C7D53A /* PixelBuffers.swift in Sources */,
				6A05460ECD7E7A56A4EE5AB4 /* RobotFace.swift in Sources */,
				D15F2A3105D99F5EDDA0DEA8 /* RoomAPI.swift in Sources */,
				FD4C501D7B83530268D2814E /* RoomEntrySheet.swift in Sources */,
				73B93F00F973E89771F334D1 /* RoomLink.swift in Sources */,
				D73B8705C58C512CA31EA0CE /* RoomQRScanner.swift in Sources */,
				2F4CE16761EAD95DA832CC41 /* RoomSessionModel.swift in Sources */,
				DDA331CAD7055D1260332844 /* RoomSessionView.swift in Sources */,
				C60A65757DA7620E81608FEE /* RoomsModel.swift in Sources */,
				69C25CF195D7F8F53D7F0A9A /* ScanModel.swift in Sources */,
				47B2FD61098A96CB31FA1D81 /* SyncSheet.swift in Sources */,
				1565E8F2FA1A2C589996A24D /* UploadQueue.swift in Sources */,
				C7BCAFCD21BC1373145666B2 /* VoiceAPI.swift in Sources */,
				5614C9196A6979CF3EB7788D /* VoiceEvents.swift in Sources */,
				C3A4385BD476CCD316DBF184 /* VoiceModel.swift in Sources */,
				EB2CD4ED858113EEEC8D23B8 /* VoicePeer.swift in Sources */,
				C851B3EE94E1B2B855A93F74 /* VoiceSheet.swift in Sources */,
				054936F595292CC99D7269DF /* VoiceTranscriptView.swift in Sources */,
			);
			runOnlyForDeploymentPostprocessing = 0;
		};
		53EC659174C337E96D76CC8D /* Sources */ = {
			isa = PBXSourcesBuildPhase;
			buildActionMask = 2147483647;
			files = (
				E3C0CE56FB3CB5910D2576A6 /* BackendIntegrationTests.swift in Sources */,
				99201365142F281D00D681EF /* CaptureBufferTests.swift in Sources */,
				8E9ACC22ADEB4C3549F36A09 /* RoomLinkTests.swift in Sources */,
				1792814C7EB8142083034FFC /* TransportTests.swift in Sources */,
				B8A7DE0A28CFC09C1807D5D8 /* VoiceLiveTests.swift in Sources */,
				B81072F95B7416B005BDE03E /* VoiceModelTests.swift in Sources */,
			);
			runOnlyForDeploymentPostprocessing = 0;
		};
		7BC26E1148D87D32A8C98F03 /* Sources */ = {
			isa = PBXSourcesBuildPhase;
			buildActionMask = 2147483647;
			files = (
				9E6A548071E6FA4933D2D999 /* RoomFlowTests.swift in Sources */,
			);
			runOnlyForDeploymentPostprocessing = 0;
		};
/* End PBXSourcesBuildPhase section */

/* Begin PBXTargetDependency section */
		89814537B13D3E133029F10F /* PBXTargetDependency */ = {
			isa = PBXTargetDependency;
			target = DC3A7EFCC39CC430D8E99FB4 /* HTNApp */;
			targetProxy = 6D7F3E72462CD74724724930 /* PBXContainerItemProxy */;
		};
		FF46347D8E476E05CFD8CD8B /* PBXTargetDependency */ = {
			isa = PBXTargetDependency;
			target = DC3A7EFCC39CC430D8E99FB4 /* HTNApp */;
			targetProxy = 9FB8DBD065B7592EED216379 /* PBXContainerItemProxy */;
		};
/* End PBXTargetDependency section */

/* Begin XCBuildConfiguration section */
		06C550F7D17A05319DD503C6 /* Debug */ = {
			isa = XCBuildConfiguration;
			buildSettings = {
				BUNDLE_LOADER = "$(TEST_HOST)";
				GENERATE_INFOPLIST_FILE = YES;
				LD_RUNPATH_SEARCH_PATHS = (
					"$(inherited)",
					"@executable_path/Frameworks",
					"@loader_path/Frameworks",
				);
				PRODUCT_BUNDLE_IDENTIFIER = com.htn2026.HTNAppUITests;
				SDKROOT = iphoneos;
				TARGETED_DEVICE_FAMILY = "1,2";
				TEST_TARGET_NAME = HTNApp;
			};
			name = Debug;
		};
		199145E01C56D0153F5DFDC4 /* Release */ = {
			isa = XCBuildConfiguration;
			buildSettings = {
				BUNDLE_LOADER = "$(TEST_HOST)";
				GENERATE_INFOPLIST_FILE = YES;
				LD_RUNPATH_SEARCH_PATHS = (
					"$(inherited)",
					"@executable_path/Frameworks",
					"@loader_path/Frameworks",
				);
				PRODUCT_BUNDLE_IDENTIFIER = com.htn2026.HTNAppUITests;
				SDKROOT = iphoneos;
				TARGETED_DEVICE_FAMILY = "1,2";
				TEST_TARGET_NAME = HTNApp;
			};
			name = Release;
		};
		36FA79D349B663F296F83F21 /* Release */ = {
			isa = XCBuildConfiguration;
			buildSettings = {
				BUNDLE_LOADER = "$(TEST_HOST)";
				GENERATE_INFOPLIST_FILE = YES;
				LD_RUNPATH_SEARCH_PATHS = (
					"$(inherited)",
					"@executable_path/Frameworks",
					"@loader_path/Frameworks",
				);
				PRODUCT_BUNDLE_IDENTIFIER = com.htn2026.HTNAppTests;
				SDKROOT = iphoneos;
				TARGETED_DEVICE_FAMILY = "1,2";
				TEST_HOST = "$(BUILT_PRODUCTS_DIR)/HTNApp.app/HTNApp";
			};
			name = Release;
		};
		4C13E64441EC6FA2A268E701 /* Release */ = {
			isa = XCBuildConfiguration;
			buildSettings = {
				ASSETCATALOG_COMPILER_APPICON_NAME = AppIcon;
				CODE_SIGN_IDENTITY = "iPhone Developer";
				CURRENT_PROJECT_VERSION = 1;
				GENERATE_INFOPLIST_FILE = NO;
				INFOPLIST_FILE = Config/Info.plist;
				INFOPLIST_KEY_CFBundleDisplayName = HTN;
				INFOPLIST_KEY_NSCameraUsageDescription = "Camera and depth capture let you scan a room.";
				INFOPLIST_KEY_UIApplicationSceneManifest_Generation = YES;
				INFOPLIST_KEY_UILaunchScreen_Generation = YES;
				LD_RUNPATH_SEARCH_PATHS = (
					"$(inherited)",
					"@executable_path/Frameworks",
				);
				MARKETING_VERSION = 0.1.0;
				PRODUCT_BUNDLE_IDENTIFIER = com.htn2026.app;
				SDKROOT = iphoneos;
				TARGETED_DEVICE_FAMILY = 1;
			};
			name = Release;
		};
		70B188C4E302661D984C8BBF /* Debug */ = {
			isa = XCBuildConfiguration;
			buildSettings = {
				BUNDLE_LOADER = "$(TEST_HOST)";
				GENERATE_INFOPLIST_FILE = YES;
				LD_RUNPATH_SEARCH_PATHS = (
					"$(inherited)",
					"@executable_path/Frameworks",
					"@loader_path/Frameworks",
				);
				PRODUCT_BUNDLE_IDENTIFIER = com.htn2026.HTNAppTests;
				SDKROOT = iphoneos;
				TARGETED_DEVICE_FAMILY = "1,2";
				TEST_HOST = "$(BUILT_PRODUCTS_DIR)/HTNApp.app/HTNApp";
			};
			name = Debug;
		};
		DAE5B7ADFA5E18A82A5E0B7D /* Debug */ = {
			isa = XCBuildConfiguration;
			buildSettings = {
				ASSETCATALOG_COMPILER_APPICON_NAME = AppIcon;
				CODE_SIGN_IDENTITY = "iPhone Developer";
				CURRENT_PROJECT_VERSION = 1;
				GENERATE_INFOPLIST_FILE = NO;
				INFOPLIST_FILE = Config/Info.plist;
				INFOPLIST_KEY_CFBundleDisplayName = HTN;
				INFOPLIST_KEY_NSCameraUsageDescription = "Camera and depth capture let you scan a room.";
				INFOPLIST_KEY_UIApplicationSceneManifest_Generation = YES;
				INFOPLIST_KEY_UILaunchScreen_Generation = YES;
				LD_RUNPATH_SEARCH_PATHS = (
					"$(inherited)",
					"@executable_path/Frameworks",
				);
				MARKETING_VERSION = 0.1.0;
				PRODUCT_BUNDLE_IDENTIFIER = com.htn2026.app;
				SDKROOT = iphoneos;
				TARGETED_DEVICE_FAMILY = 1;
			};
			name = Debug;
		};
		EB2E74C41FE021518B4AD3C3 /* Debug */ = {
			isa = XCBuildConfiguration;
			baseConfigurationReference = EAEB05C54804D23B43C70FD4 /* Signing.xcconfig */;
			buildSettings = {
				ALWAYS_SEARCH_USER_PATHS = NO;
				CLANG_ANALYZER_NONNULL = YES;
				CLANG_ANALYZER_NUMBER_OBJECT_CONVERSION = YES_AGGRESSIVE;
				CLANG_CXX_LANGUAGE_STANDARD = "gnu++14";
				CLANG_CXX_LIBRARY = "libc++";
				CLANG_ENABLE_MODULES = YES;
				CLANG_ENABLE_OBJC_ARC = YES;
				CLANG_ENABLE_OBJC_WEAK = YES;
				CLANG_WARN_BLOCK_CAPTURE_AUTORELEASING = YES;
				CLANG_WARN_BOOL_CONVERSION = YES;
				CLANG_WARN_COMMA = YES;
				CLANG_WARN_CONSTANT_CONVERSION = YES;
				CLANG_WARN_DEPRECATED_OBJC_IMPLEMENTATIONS = YES;
				CLANG_WARN_DIRECT_OBJC_ISA_USAGE = YES_ERROR;
				CLANG_WARN_DOCUMENTATION_COMMENTS = YES;
				CLANG_WARN_EMPTY_BODY = YES;
				CLANG_WARN_ENUM_CONVERSION = YES;
				CLANG_WARN_INFINITE_RECURSION = YES;
				CLANG_WARN_INT_CONVERSION = YES;
				CLANG_WARN_NON_LITERAL_NULL_CONVERSION = YES;
				CLANG_WARN_OBJC_IMPLICIT_RETAIN_SELF = YES;
				CLANG_WARN_OBJC_LITERAL_CONVERSION = YES;
				CLANG_WARN_OBJC_ROOT_CLASS = YES_ERROR;
				CLANG_WARN_QUOTED_INCLUDE_IN_FRAMEWORK_HEADER = YES;
				CLANG_WARN_RANGE_LOOP_ANALYSIS = YES;
				CLANG_WARN_STRICT_PROTOTYPES = YES;
				CLANG_WARN_SUSPICIOUS_MOVE = YES;
				CLANG_WARN_UNGUARDED_AVAILABILITY = YES_AGGRESSIVE;
				CLANG_WARN_UNREACHABLE_CODE = YES;
				CLANG_WARN__DUPLICATE_METHOD_MATCH = YES;
				COPY_PHASE_STRIP = NO;
				DEBUG_INFORMATION_FORMAT = dwarf;
				ENABLE_STRICT_OBJC_MSGSEND = YES;
				ENABLE_TESTABILITY = YES;
				GCC_C_LANGUAGE_STANDARD = gnu11;
				GCC_DYNAMIC_NO_PIC = NO;
				GCC_NO_COMMON_BLOCKS = YES;
				GCC_OPTIMIZATION_LEVEL = 0;
				GCC_PREPROCESSOR_DEFINITIONS = (
					"$(inherited)",
					"DEBUG=1",
				);
				GCC_WARN_64_TO_32_BIT_CONVERSION = YES;
				GCC_WARN_ABOUT_RETURN_TYPE = YES_ERROR;
				GCC_WARN_UNDECLARED_SELECTOR = YES;
				GCC_WARN_UNINITIALIZED_AUTOS = YES_AGGRESSIVE;
				GCC_WARN_UNUSED_FUNCTION = YES;
				GCC_WARN_UNUSED_VARIABLE = YES;
				IPHONEOS_DEPLOYMENT_TARGET = 17.0;
				MTL_ENABLE_DEBUG_INFO = INCLUDE_SOURCE;
				MTL_FAST_MATH = YES;
				ONLY_ACTIVE_ARCH = YES;
				PRODUCT_NAME = "$(TARGET_NAME)";
				SDKROOT = iphoneos;
				SWIFT_ACTIVE_COMPILATION_CONDITIONS = DEBUG;
				SWIFT_OPTIMIZATION_LEVEL = "-Onone";
				SWIFT_VERSION = 5.0;
			};
			name = Debug;
		};
		F1907C7671226175CF82C3FB /* Release */ = {
			isa = XCBuildConfiguration;
			baseConfigurationReference = EAEB05C54804D23B43C70FD4 /* Signing.xcconfig */;
			buildSettings = {
				ALWAYS_SEARCH_USER_PATHS = NO;
				CLANG_ANALYZER_NONNULL = YES;
				CLANG_ANALYZER_NUMBER_OBJECT_CONVERSION = YES_AGGRESSIVE;
				CLANG_CXX_LANGUAGE_STANDARD = "gnu++14";
				CLANG_CXX_LIBRARY = "libc++";
				CLANG_ENABLE_MODULES = YES;
				CLANG_ENABLE_OBJC_ARC = YES;
				CLANG_ENABLE_OBJC_WEAK = YES;
				CLANG_WARN_BLOCK_CAPTURE_AUTORELEASING = YES;
				CLANG_WARN_BOOL_CONVERSION = YES;
				CLANG_WARN_COMMA = YES;
				CLANG_WARN_CONSTANT_CONVERSION = YES;
				CLANG_WARN_DEPRECATED_OBJC_IMPLEMENTATIONS = YES;
				CLANG_WARN_DIRECT_OBJC_ISA_USAGE = YES_ERROR;
				CLANG_WARN_DOCUMENTATION_COMMENTS = YES;
				CLANG_WARN_EMPTY_BODY = YES;
				CLANG_WARN_ENUM_CONVERSION = YES;
				CLANG_WARN_INFINITE_RECURSION = YES;
				CLANG_WARN_INT_CONVERSION = YES;
				CLANG_WARN_NON_LITERAL_NULL_CONVERSION = YES;
				CLANG_WARN_OBJC_IMPLICIT_RETAIN_SELF = YES;
				CLANG_WARN_OBJC_LITERAL_CONVERSION = YES;
				CLANG_WARN_OBJC_ROOT_CLASS = YES_ERROR;
				CLANG_WARN_QUOTED_INCLUDE_IN_FRAMEWORK_HEADER = YES;
				CLANG_WARN_RANGE_LOOP_ANALYSIS = YES;
				CLANG_WARN_STRICT_PROTOTYPES = YES;
				CLANG_WARN_SUSPICIOUS_MOVE = YES;
				CLANG_WARN_UNGUARDED_AVAILABILITY = YES_AGGRESSIVE;
				CLANG_WARN_UNREACHABLE_CODE = YES;
				CLANG_WARN__DUPLICATE_METHOD_MATCH = YES;
				COPY_PHASE_STRIP = NO;
				DEBUG_INFORMATION_FORMAT = "dwarf-with-dsym";
				ENABLE_NS_ASSERTIONS = NO;
				ENABLE_STRICT_OBJC_MSGSEND = YES;
				GCC_C_LANGUAGE_STANDARD = gnu11;
				GCC_NO_COMMON_BLOCKS = YES;
				GCC_WARN_64_TO_32_BIT_CONVERSION = YES;
				GCC_WARN_ABOUT_RETURN_TYPE = YES_ERROR;
				GCC_WARN_UNDECLARED_SELECTOR = YES;
				GCC_WARN_UNINITIALIZED_AUTOS = YES_AGGRESSIVE;
				GCC_WARN_UNUSED_FUNCTION = YES;
				GCC_WARN_UNUSED_VARIABLE = YES;
				IPHONEOS_DEPLOYMENT_TARGET = 17.0;
				MTL_ENABLE_DEBUG_INFO = NO;
				MTL_FAST_MATH = YES;
				PRODUCT_NAME = "$(TARGET_NAME)";
				SDKROOT = iphoneos;
				SWIFT_COMPILATION_MODE = wholemodule;
				SWIFT_OPTIMIZATION_LEVEL = "-O";
				SWIFT_VERSION = 5.0;
			};
			name = Release;
		};
/* End XCBuildConfiguration section */

/* Begin XCConfigurationList section */
		2D63769146AAB323B298C60D /* Build configuration list for PBXNativeTarget "HTNAppTests" */ = {
			isa = XCConfigurationList;
			buildConfigurations = (
				70B188C4E302661D984C8BBF /* Debug */,
				36FA79D349B663F296F83F21 /* Release */,
			);
			defaultConfigurationIsVisible = 0;
			defaultConfigurationName = Debug;
		};
		7358BD0C8ED411C6F31F0AAB /* Build configuration list for PBXProject "HTNApp" */ = {
			isa = XCConfigurationList;
			buildConfigurations = (
				EB2E74C41FE021518B4AD3C3 /* Debug */,
				F1907C7671226175CF82C3FB /* Release */,
			);
			defaultConfigurationIsVisible = 0;
			defaultConfigurationName = Debug;
		};
		CDBE3E1E6741352741CC81CA /* Build configuration list for PBXNativeTarget "HTNAppUITests" */ = {
			isa = XCConfigurationList;
			buildConfigurations = (
				06C550F7D17A05319DD503C6 /* Debug */,
				199145E01C56D0153F5DFDC4 /* Release */,
			);
			defaultConfigurationIsVisible = 0;
			defaultConfigurationName = Debug;
		};
		D9D1B892AB991BD2DBBEFA05 /* Build configuration list for PBXNativeTarget "HTNApp" */ = {
			isa = XCConfigurationList;
			buildConfigurations = (
				DAE5B7ADFA5E18A82A5E0B7D /* Debug */,
				4C13E64441EC6FA2A268E701 /* Release */,
			);
			defaultConfigurationIsVisible = 0;
			defaultConfigurationName = Debug;
		};
/* End XCConfigurationList section */

/* Begin XCRemoteSwiftPackageReference section */
		F61DDC6313B55949C00E63BD /* XCRemoteSwiftPackageReference "WebRTC" */ = {
			isa = XCRemoteSwiftPackageReference;
			repositoryURL = "https://github.com/stasel/WebRTC.git";
			requirement = {
				kind = exactVersion;
				version = 153.0.0;
			};
		};
/* End XCRemoteSwiftPackageReference section */

/* Begin XCSwiftPackageProductDependency section */
		C26F7A0AE85F12333B3D5428 /* WebRTC */ = {
			isa = XCSwiftPackageProductDependency;
			package = F61DDC6313B55949C00E63BD /* XCRemoteSwiftPackageReference "WebRTC" */;
			productName = WebRTC;
		};
/* End XCSwiftPackageProductDependency section */
	};
	rootObject = 51467CC6B617B5F6AF54F139 /* Project object */;
}
